// !$*UTF8*$!
{
	archiveVersion = 1;
	classes = {
	};
	objectVersion = 56;
	objects = {

/* Begin PBXBuildFile section */
		852CFAB6298A58B6006AF55E /* NewsApp_MVVMApp.swift in Sources */ = {isa = PBXBuildFile; fileRef = 852CFAB5298A58B6006AF55E /* NewsApp_MVVMApp.swift */; };
		852CFAB8298A58B6006AF55E /* ContentView.swift in Sources */ = {isa = PBXBuildFile; fileRef = 852CFAB7298A58B6006AF55E /* ContentView.swift */; };
		852CFABA298A58B8006AF55E /* Assets.xcassets in Resources */ = {isa = PBXBuildFile; fileRef = 852CFAB9298A58B8006AF55E /* Assets.xcassets */; };
		852CFABD298A58B8006AF55E /* Preview Assets.xcassets in Resources */ = {isa = PBXBuildFile; fileRef = 852CFABC298A58B8006AF55E /* Preview Assets.xcassets */; };
		852CFAC7298A58B8006AF55E /* NewsApp_MVVMTests.swift in Sources */ = {isa = PBXBuildFile; fileRef = 852CFAC6298A58B8006AF55E /* NewsApp_MVVMTests.swift */; };
		852CFAD1298A58B8006AF55E /* NewsApp_MVVMUITests.swift in Sources */ = {isa = PBXBuildFile; fileRef = 852CFAD0298A58B8006AF55E /* NewsApp_MVVMUITests.swift */; };
		852CFAD3298A58B8006AF55E /* NewsApp_MVVMUITestsLaunchTests.swift in Sources */ = {isa = PBXBuildFile; fileRef = 852CFAD2298A58B8006AF55E /* NewsApp_MVVMUITestsLaunchTests.swift */; };
		852CFAE6298A5CCE006AF55E /* Constants.swift in Sources */ = {isa = PBXBuildFile; fileRef = 852CFAE5298A5CCE006AF55E /* Constants.swift */; };
		852CFAE8298A618F006AF55E /* RequestProtocol.swift in Sources */ = {isa = PBXBuildFile; fileRef = 852CFAE7298A618F006AF55E /* RequestProtocol.swift */; };
		852CFAEA298A628E006AF55E /* APIError.swift in Sources */ = {isa = PBXBuildFile; fileRef = 852CFAE9298A628E006AF55E /* APIError.swift */; };
		852CFAEC298A63A1006AF55E /* APIHandler.swift in Sources */ = {isa = PBXBuildFile; fileRef = 852CFAEB298A63A1006AF55E /* APIHandler.swift */; };
		852CFAEE298A63AE006AF55E /* ResponseHandler.swift in Sources */ = {isa = PBXBuildFile; fileRef = 852CFAED298A63AE006AF55E /* ResponseHandler.swift */; };
/* End PBXBuildFile section */

/* Begin PBXContainerItemProxy section */
		852CFAC3298A58B8006AF55E /* PBXContainerItemProxy */ = {
			isa = PBXContainerItemProxy;
			containerPortal = 852CFAAA298A58B6006AF55E /* Project object */;
			proxyType = 1;
			remoteGlobalIDString = 852CFAB1298A58B6006AF55E;
			remoteInfo = "NewsApp-MVVM";
		};
		852CFACD298A58B8006AF55E /* PBXContainerItemProxy */ = {
			isa = PBXContainerItemProxy;
			containerPortal = 852CFAAA298A58B6006AF55E /* Project object */;
			proxyType = 1;
			remoteGlobalIDString = 852CFAB1298A58B6006AF55E;
			remoteInfo = "NewsApp-MVVM";
		};
/* End PBXContainerItemProxy section */

/* Begin PBXFileReference section */
		852CFAB2298A58B6006AF55E /* NewsApp-MVVM.app */ = {isa = PBXFileReference; explicitFileType = wrapper.application; includeInIndex = 0; path = "NewsApp-MVVM.app"; sourceTree = BUILT_PRODUCTS_DIR; };
		852CFAB5298A58B6006AF55E /* NewsApp_MVVMApp.swift */ = {isa = PBXFileReference; lastKnownFileType = sourcecode.swift; path = NewsApp_MVVMApp.swift; sourceTree = "<group>"; };
		852CFAB7298A58B6006AF55E /* ContentView.swift */ = {isa = PBXFileReference; lastKnownFileType = sourcecode.swift; path = ContentView.swift; sourceTree = "<group>"; };
		852CFAB9298A58B8006AF55E /* Assets.xcassets */ = {isa = PBXFileReference; lastKnownFileType = folder.assetcatalog; path = Assets.xcassets; sourceTree = "<group>"; };
		852CFABC298A58B8006AF55E /* Preview Assets.xcassets */ = {isa = PBXFileReference; lastKnownFileType = folder.assetcatalog; path = "Preview Assets.xcassets"; sourceTree = "<group>"; };
		852CFAC2298A58B8006AF55E /* NewsApp-MVVMTests.xctest */ = {isa = PBXFileReference; explicitFileType = wrapper.cfbundle; includeInIndex = 0; path = "NewsApp-MVVMTests.xctest"; sourceTree = BUILT_PRODUCTS_DIR; };
		852CFAC6298A58B8006AF55E /* NewsApp_MVVMTests.swift */ = {isa = PBXFileReference; lastKnownFileType = sourcecode.swift; path = NewsApp_MVVMTests.swift; sourceTree = "<group>"; };
		852CFACC298A58B8006AF55E /* NewsApp-MVVMUITests.xctest */ = {isa = PBXFileReference; explicitFileType = wrapper.cfbundle; includeInIndex = 0; path = "NewsApp-MVVMUITests.xctest"; sourceTree = BUILT_PRODUCTS_DIR; };
		852CFAD0298A58B8006AF55E /* NewsApp_MVVMUITests.swift */ = {isa = PBXFileReference; lastKnownFileType = sourcecode.swift; path = NewsApp_MVVMUITests.swift; sourceTree = "<group>"; };
		852CFAD2298A58B8006AF55E /* NewsApp_MVVMUITestsLaunchTests.swift */ = {isa = PBXFileReference; lastKnownFileType = sourcecode.swift; path = NewsApp_MVVMUITestsLaunchTests.swift; sourceTree = "<group>"; };
		852CFAE5298A5CCE006AF55E /* Constants.swift */ = {isa = PBXFileReference; lastKnownFileType = sourcecode.swift; path = Constants.swift; sourceTree = "<group>"; };
		852CFAE7298A618F006AF55E /* RequestProtocol.swift */ = {isa = PBXFileReference; lastKnownFileType = sourcecode.swift; path = RequestProtocol.swift; sourceTree = "<group>"; };
		852CFAE9298A628E006AF55E /* APIError.swift */ = {isa = PBXFileReference; lastKnownFileType = sourcecode.swift; path = APIError.swift; sourceTree = "<group>"; };
		852CFAEB298A63A1006AF55E /* APIHandler.swift */ = {isa = PBXFileReference; lastKnownFileType = sourcecode.swift; path = APIHandler.swift; sourceTree = "<group>"; };
		852CFAED298A63AE006AF55E /* ResponseHandler.swift */ = {isa = PBXFileReference; lastKnownFileType = sourcecode.swift; path = ResponseHandler.swift; sourceTree = "<group>"; };
/* End PBXFileReference section */

/* Begin PBXFrameworksBuildPhase section */
		852CFAAF298A58B6006AF55E /* Frameworks */ = {
			isa = PBXFrameworksBuildPhase;
			buildActionMask = 2147483647;
			files = (
			);
			runOnlyForDeploymentPostprocessing = 0;
		};
		852CFABF298A58B8006AF55E /* Frameworks */ = {
			isa = PBXFrameworksBuildPhase;
			buildActionMask = 2147483647;
			files = (
			);
			runOnlyForDeploymentPostprocessing = 0;
		};
		852CFAC9298A58B8006AF55E /* Frameworks */ = {
			isa = PBXFrameworksBuildPhase;
			buildActionMask = 2147483647;
			files = (
			);
			runOnlyForDeploymentPostprocessing = 0;
		};
/* End PBXFrameworksBuildPhase section */

/* Begin PBXGroup section */
		852CFAA9298A58B6006AF55E = {
			isa = PBXGroup;
			children = (
				852CFAB4298A58B6006AF55E /* NewsApp-MVVM */,
				852CFAC5298A58B8006AF55E /* NewsApp-MVVMTests */,
				852CFACF298A58B8006AF55E /* NewsApp-MVVMUITests */,
				852CFAB3298A58B6006AF55E /* Products */,
			);
			sourceTree = "<group>";
		};
		852CFAB3298A58B6006AF55E /* Products */ = {
			isa = PBXGroup;
			children = (
				852CFAB2298A58B6006AF55E /* NewsApp-MVVM.app */,
				852CFAC2298A58B8006AF55E /* NewsApp-MVVMTests.xctest */,
				852CFACC298A58B8006AF55E /* NewsApp-MVVMUITests.xctest */,
			);
			name = Products;
			sourceTree = "<group>";
		};
		852CFAB4298A58B6006AF55E /* NewsApp-MVVM */ = {
			isa = PBXGroup;
			children = (
				852CFAE4298A5B04006AF55E /* Localization */,
				852CFAE3298A5AE6006AF55E /* Model */,
				852CFAE2298A5AD6006AF55E /* Constants */,
				852CFAE1298A5ACA006AF55E /* Services */,
				852CFAE0298A5ABD006AF55E /* ViewModel */,
				852CFADF298A5AB2006AF55E /* Views */,
				852CFAB5298A58B6006AF55E /* NewsApp_MVVMApp.swift */,
				852CFAB7298A58B6006AF55E /* ContentView.swift */,
				852CFAB9298A58B8006AF55E /* Assets.xcassets */,
				852CFABB298A58B8006AF55E /* Preview Content */,
			);
			path = "NewsApp-MVVM";
			sourceTree = "<group>";
		};
		852CFABB298A58B8006AF55E /* Preview Content */ = {
			isa = PBXGroup;
			children = (
				852CFABC298A58B8006AF55E /* Preview Assets.xcassets */,
			);
			path = "Preview Content";
			sourceTree = "<group>";
		};
		852CFAC5298A58B8006AF55E /* NewsApp-MVVMTests */ = {
			isa = PBXGroup;
			children = (
				852CFAC6298A58B8006AF55E /* NewsApp_MVVMTests.swift */,
			);
			path = "NewsApp-MVVMTests";
			sourceTree = "<group>";
		};
		852CFACF298A58B8006AF55E /* NewsApp-MVVMUITests */ = {
			isa = PBXGroup;
			children = (
				852CFAD0298A58B8006AF55E /* NewsApp_MVVMUITests.swift */,
				852CFAD2298A58B8006AF55E /* NewsApp_MVVMUITestsLaunchTests.swift */,
			);
			path = "NewsApp-MVVMUITests";
			sourceTree = "<group>";
		};
		852CFADF298A5AB2006AF55E /* Views */ = {
			isa = PBXGroup;
			children = (
			);
			path = Views;
			sourceTree = "<group>";
		};
		852CFAE0298A5ABD006AF55E /* ViewModel */ = {
			isa = PBXGroup;
			children = (
			);
			path = ViewModel;
			sourceTree = "<group>";
		};
		852CFAE1298A5ACA006AF55E /* Services */ = {
			isa = PBXGroup;
			children = (
				852CFAE7298A618F006AF55E /* RequestProtocol.swift */,
				852CFAE9298A628E006AF55E /* APIError.swift */,
				852CFAEB298A63A1006AF55E /* APIHandler.swift */,
				852CFAED298A63AE006AF55E /* ResponseHandler.swift */,
			);
			path = Services;
			sourceTree = "<group>";
		};
		852CFAE2298A5AD6006AF55E /* Constants */ = {
			isa = PBXGroup;
			children = (
				852CFAE5298A5CCE006AF55E /* Constants.swift */,
			);
			path = Constants;
			sourceTree = "<group>";
		};
		852CFAE3298A5AE6006AF55E /* Model */ = {
			isa = PBXGroup;
			children = (
			);
			path = Model;
			sourceTree = "<group>";
		};
		852CFAE4298A5B04006AF55E /* Localization */ = {
			isa = PBXGroup;
			children = (
			);
			path = Localization;
			sourceTree = "<group>";
		};
/* End PBXGroup section */

/* Begin PBXNativeTarget section */
		852CFAB1298A58B6006AF55E /* NewsApp-MVVM */ = {
			isa = PBXNativeTarget;
			buildConfigurationList = 852CFAD6298A58B8006AF55E /* Build configuration list for PBXNativeTarget "NewsApp-MVVM" */;
			buildPhases = (
				852CFAAE298A58B6006AF55E /* Sources */,
				852CFAAF298A58B6006AF55E /* Frameworks */,
				852CFAB0298A58B6006AF55E /* Resources */,
			);
			buildRules = (
			);
			dependencies = (
			);
			name = "NewsApp-MVVM";
			productName = "NewsApp-MVVM";
			productReference = 852CFAB2298A58B6006AF55E /* NewsApp-MVVM.app */;
			productType = "com.apple.product-type.application";
		};
		852CFAC1298A58B8006AF55E /* NewsApp-MVVMTests */ = {
			isa = PBXNativeTarget;
			buildConfigurationList = 852CFAD9298A58B8006AF55E /* Build configuration list for PBXNativeTarget "NewsApp-MVVMTests" */;
			buildPhases = (
				852CFABE298A58B8006AF55E /* Sources */,
				852CFABF298A58B8006AF55E /* Frameworks */,
				852CFAC0298A58B8006AF55E /* Resources */,
			);
			buildRules = (
			);
			dependencies = (
				852CFAC4298A58B8006AF55E /* PBXTargetDependency */,
			);
			name = "NewsApp-MVVMTests";
			productName = "NewsApp-MVVMTests";
			productReference = 852CFAC2298A58B8006AF55E /* NewsApp-MVVMTests.xctest */;
			productType = "com.apple.product-type.bundle.unit-test";
		};
		852CFACB298A58B8006AF55E /* NewsApp-MVVMUITests */ = {
			isa = PBXNativeTarget;
			buildConfigurationList = 852CFADC298A58B8006AF55E /* Build configuration list for PBXNativeTarget "NewsApp-MVVMUITests" */;
			buildPhases = (
				852CFAC8298A58B8006AF55E /* Sources */,
				852CFAC9298A58B8006AF55E /* Frameworks */,
				852CFACA298A58B8006AF55E /* Resources */,
			);
			buildRules = (
			);
			dependencies = (
				852CFACE298A58B8006AF55E /* PBXTargetDependency */,
			);
			name = "NewsApp-MVVMUITests";
			productName = "NewsApp-MVVMUITests";
			productReference = 852CFACC298A58B8006AF55E /* NewsApp-MVVMUITests.xctest */;
			productType = "com.apple.product-type.bundle.ui-testing";
		};
/* End PBXNativeTarget section */

/* Begin PBXProject section */
		852CFAAA298A58B6006AF55E /* Project object */ = {
			isa = PBXProject;
			attributes = {
				BuildIndependentTargetsInParallel = 1;
				LastSwiftUpdateCheck = 1420;
				LastUpgradeCheck = 1420;
				TargetAttributes = {
					852CFAB1298A58B6006AF55E = {
						CreatedOnToolsVersion = 14.2;
					};
					852CFAC1298A58B8006AF55E = {
						CreatedOnToolsVersion = 14.2;
						TestTargetID = 852CFAB1298A58B6006AF55E;
					};
					852CFACB298A58B8006AF55E = {
						CreatedOnToolsVersion = 14.2;
						TestTargetID = 852CFAB1298A58B6006AF55E;
					};
				};
			};
			buildConfigurationList = 852CFAAD298A58B6006AF55E /* Build configuration list for PBXProject "NewsApp-MVVM" */;
			compatibilityVersion = "Xcode 14.0";
			developmentRegion = en;
			hasScannedForEncodings = 0;
			knownRegions = (
				en,
				Base,
			);
			mainGroup = 852CFAA9298A58B6006AF55E;
			productRefGroup = 852CFAB3298A58B6006AF55E /* Products */;
			projectDirPath = "";
			projectRoot = "";
			targets = (
				852CFAB1298A58B6006AF55E /* NewsApp-MVVM */,
				852CFAC1298A58B8006AF55E /* NewsApp-MVVMTests */,
				852CFACB298A58B8006AF55E /* NewsApp-MVVMUITests */,
			);
		};
/* End PBXProject section */

/* Begin PBXResourcesBuildPhase section */
		852CFAB0298A58B6006AF55E /* Resources */ = {
			isa = PBXResourcesBuildPhase;
			buildActionMask = 2147483647;
			files = (
				852CFABD298A58B8006AF55E /* Preview Assets.xcassets in Resources */,
				852CFABA298A58B8006AF55E /* Assets.xcassets in Resources */,
			);
			runOnlyForDeploymentPostprocessing = 0;
		};
		852CFAC0298A58B8006AF55E /* Resources */ = {
			isa = PBXResourcesBuildPhase;
			buildActionMask = 2147483647;
			files = (
			);
			runOnlyForDeploymentPostprocessing = 0;
		};
		852CFACA298A58B8006AF55E /* Resources */ = {
			isa = PBXResourcesBuildPhase;
			buildActionMask = 2147483647;
			files = (
			);
			runOnlyForDeploymentPostprocessing = 0;
		};
/* End PBXResourcesBuildPhase section */

/* Begin PBXSourcesBuildPhase section */
		852CFAAE298A58B6006AF55E /* Sources */ = {
			isa = PBXSourcesBuildPhase;
			buildActionMask = 2147483647;
			files = (
				852CFAB8298A58B6006AF55E /* ContentView.swift in Sources */,
				852CFAB6298A58B6006AF55E /* NewsApp_MVVMApp.swift in Sources */,
				852CFAE6298A5CCE006AF55E /* Constants.swift in Sources */,
				852CFAEC298A63A1006AF55E /* APIHandler.swift in Sources */,
				852CFAEA298A628E006AF55E /* APIError.swift in Sources */,
				852CFAE8298A618F006AF55E /* RequestProtocol.swift in Sources */,
				852CFAEE298A63AE006AF55E /* ResponseHandler.swift in Sources */,
			);
			runOnlyForDeploymentPostprocessing = 0;
		};
		852CFABE298A58B8006AF55E /* Sources */ = {
			isa = PBXSourcesBuildPhase;
			buildActionMask = 2147483647;
			files = (
				852CFAC7298A58B8006AF55E /* NewsApp_MVVMTests.swift in Sources */,
			);
			runOnlyForDeploymentPostprocessing = 0;
		};
		852CFAC8298A58B8006AF55E /* Sources */ = {
			isa = PBXSourcesBuildPhase;
			buildActionMask = 2147483647;
			files = (
				852CFAD1298A58B8006AF55E /* NewsApp_MVVMUITests.swift in Sources */,
				852CFAD3298A58B8006AF55E /* NewsApp_MVVMUITestsLaunchTests.swift in Sources */,
			);
			runOnlyForDeploymentPostprocessing = 0;
		};
/* End PBXSourcesBuildPhase section */

/* Begin PBXTargetDependency section */
		852CFAC4298A58B8006AF55E /* PBXTargetDependency */ = {
			isa = PBXTargetDependency;
			target = 852CFAB1298A58B6006AF55E /* NewsApp-MVVM */;
			targetProxy = 852CFAC3298A58B8006AF55E /* PBXContainerItemProxy */;
		};
		852CFACE298A58B8006AF55E /* PBXTargetDependency */ = {
			isa = PBXTargetDependency;
			target = 852CFAB1298A58B6006AF55E /* NewsApp-MVVM */;
			targetProxy = 852CFACD298A58B8006AF55E /* PBXContainerItemProxy */;
		};
/* End PBXTargetDependency section */

/* Begin XCBuildConfiguration section */
		852CFAD4298A58B8006AF55E /* Debug */ = {
			isa = XCBuildConfiguration;
			buildSettings = {
				ALWAYS_SEARCH_USER_PATHS = NO;
				CLANG_ANALYZER_NONNULL = YES;
				CLANG_ANALYZER_NUMBER_OBJECT_CONVERSION = YES_AGGRESSIVE;
				CLANG_CXX_LANGUAGE_STANDARD = "gnu++20";
				CLANG_ENABLE_MODULES = YES;
				CLANG_ENABLE_OBJC_ARC = YES;
				CLANG_ENABLE_OBJC_WEAK = YES;
				CLANG_WARN_BLOCK_CAPTURE_AUTORELEASING = YES;
				CLANG_WARN_BOOL_CONVERSION = YES;
				CLANG_WARN_COMMA = YES;
				CLANG_WARN_CONSTANT_CONVERSION = YES;
				CLANG_WARN_DEPRECATED_OBJC_IMPLEMENTATIONS = YES;
				CLANG_WARN_DIRECT_OBJC_ISA_USAGE = YES_ERROR;
				CLANG_WARN_DOCUMENTATION_COMMENTS = YES;
				CLANG_WARN_EMPTY_BODY = YES;
				CLANG_WARN_ENUM_CONVERSION = YES;
				CLANG_WARN_INFINITE_RECURSION = YES;
				CLANG_WARN_INT_CONVERSION = YES;
				CLANG_WARN_NON_LITERAL_NULL_CONVERSION = YES;
				CLANG_WARN_OBJC_IMPLICIT_RETAIN_SELF = YES;
				CLANG_WARN_OBJC_LITERAL_CONVERSION = YES;
				CLANG_WARN_OBJC_ROOT_CLASS = YES_ERROR;
				CLANG_WARN_QUOTED_INCLUDE_IN_FRAMEWORK_HEADER = YES;
				CLANG_WARN_RANGE_LOOP_ANALYSIS = YES;
				CLANG_WARN_STRICT_PROTOTYPES = YES;
				CLANG_WARN_SUSPICIOUS_MOVE = YES;
				CLANG_WARN_UNGUARDED_AVAILABILITY = YES_AGGRESSIVE;
				CLANG_WARN_UNREACHABLE_CODE = YES;
				CLANG_WARN__DUPLICATE_METHOD_MATCH = YES;
				COPY_PHASE_STRIP = NO;
				DEBUG_INFORMATION_FORMAT = dwarf;
				ENABLE_STRICT_OBJC_MSGSEND = YES;
				ENABLE_TESTABILITY = YES;
				GCC_C_LANGUAGE_STANDARD = gnu11;
				GCC_DYNAMIC_NO_PIC = NO;
				GCC_NO_COMMON_BLOCKS = YES;
				GCC_OPTIMIZATION_LEVEL = 0;
				GCC_PREPROCESSOR_DEFINITIONS = (
					"DEBUG=1",
					"$(inherited)",
				);
				GCC_WARN_64_TO_32_BIT_CONVERSION = YES;
				GCC_WARN_ABOUT_RETURN_TYPE = YES_ERROR;
				GCC_WARN_UNDECLARED_SELECTOR = YES;
				GCC_WARN_UNINITIALIZED_AUTOS = YES_AGGRESSIVE;
				GCC_WARN_UNUSED_FUNCTION = YES;
				GCC_WARN_UNUSED_VARIABLE = YES;
				IPHONEOS_DEPLOYMENT_TARGET = 16.2;
				MTL_ENABLE_DEBUG_INFO = INCLUDE_SOURCE;
				MTL_FAST_MATH = YES;
				ONLY_ACTIVE_ARCH = YES;
				SDKROOT = iphoneos;
				SWIFT_ACTIVE_COMPILATION_CONDITIONS = DEBUG;
				SWIFT_OPTIMIZATION_LEVEL = "-Onone";
			};
			name = Debug;
		};
		852CFAD5298A58B8006AF55E /* Release */ = {
			isa = XCBuildConfiguration;
			buildSettings = {
				ALWAYS_SEARCH_USER_PATHS = NO;
				CLANG_ANALYZER_NONNULL = YES;
				CLANG_ANALYZER_NUMBER_OBJECT_CONVERSION = YES_AGGRESSIVE;
				CLANG_CXX_LANGUAGE_STANDARD = "gnu++20";
				CLANG_ENABLE_MODULES = YES;
				CLANG_ENABLE_OBJC_ARC = YES;
				CLANG_ENABLE_OBJC_WEAK = YES;
				CLANG_WARN_BLOCK_CAPTURE_AUTORELEASING = YES;
				CLANG_WARN_BOOL_CONVERSION = YES;
				CLANG_WARN_COMMA = YES;
				CLANG_WARN_CONSTANT_CONVERSION = YES;
				CLANG_WARN_DEPRECATED_OBJC_IMPLEMENTATIONS = YES;
				CLANG_WARN_DIRECT_OBJC_ISA_USAGE = YES_ERROR;
				CLANG_WARN_DOCUMENTATION_COMMENTS = YES;
				CLANG_WARN_EMPTY_BODY = YES;
				CLANG_WARN_ENUM_CONVERSION = YES;
				CLANG_WARN_INFINITE_RECURSION = YES;
				CLANG_WARN_INT_CONVERSION = YES;
				CLANG_WARN_NON_LITERAL_NULL_CONVERSION = YES;
				CLANG_WARN_OBJC_IMPLICIT_RETAIN_SELF = YES;
				CLANG_WARN_OBJC_LITERAL_CONVERSION = YES;
				CLANG_WARN_OBJC_ROOT_CLASS = YES_ERROR;
				CLANG_WARN_QUOTED_INCLUDE_IN_FRAMEWORK_HEADER = YES;
				CLANG_WARN_RANGE_LOOP_ANALYSIS = YES;
				CLANG_WARN_STRICT_PROTOTYPES = YES;
				CLANG_WARN_SUSPICIOUS_MOVE = YES;
				CLANG_WARN_UNGUARDED_AVAILABILITY = YES_AGGRESSIVE;
				CLANG_WARN_UNREACHABLE_CODE = YES;
				CLANG_WARN__DUPLICATE_METHOD_MATCH = YES;
				COPY_PHASE_STRIP = NO;
				DEBUG_INFORMATION_FORMAT = "dwarf-with-dsym";
				ENABLE_NS_ASSERTIONS = NO;
				ENABLE_STRICT_OBJC_MSGSEND = YES;
				GCC_C_LANGUAGE_STANDARD = gnu11;
				GCC_NO_COMMON_BLOCKS = YES;
				GCC_WARN_64_TO_32_BIT_CONVERSION = YES;
				GCC_WARN_ABOUT_RETURN_TYPE = YES_ERROR;
				GCC_WARN_UNDECLARED_SELECTOR = YES;
				GCC_WARN_UNINITIALIZED_AUTOS = YES_AGGRESSIVE;
				GCC_WARN_UNUSED_FUNCTION = YES;
				GCC_WARN_UNUSED_VARIABLE = YES;
				IPHONEOS_DEPLOYMENT_TARGET = 16.2;
				MTL_ENABLE_DEBUG_INFO = NO;
				MTL_FAST_MATH = YES;
				SDKROOT = iphoneos;
				SWIFT_COMPILATION_MODE = wholemodule;
				SWIFT_OPTIMIZATION_LEVEL = "-O";
				VALIDATE_PRODUCT = YES;
			};
			name = Release;
		};
		852CFAD7298A58B8006AF55E /* Debug */ = {
			isa = XCBuildConfiguration;
			buildSettings = {
				ASSETCATALOG_COMPILER_APPICON_NAME = AppIcon;
				ASSETCATALOG_COMPILER_GLOBAL_ACCENT_COLOR_NAME = AccentColor;
				CODE_SIGN_STYLE = Automatic;
				CURRENT_PROJECT_VERSION = 1;
				DEVELOPMENT_ASSET_PATHS = "\"NewsApp-MVVM/Preview Content\"";
				DEVELOPMENT_TEAM = 853676N3N3;
				ENABLE_PREVIEWS = YES;
				GENERATE_INFOPLIST_FILE = YES;
				INFOPLIST_KEY_UIApplicationSceneManifest_Generation = YES;
				INFOPLIST_KEY_UIApplicationSupportsIndirectInputEvents = YES;
				INFOPLIST_KEY_UILaunchScreen_Generation = YES;
				INFOPLIST_KEY_UISupportedInterfaceOrientations_iPad = "UIInterfaceOrientationPortrait UIInterfaceOrientationPortraitUpsideDown UIInterfaceOrientationLandscapeLeft UIInterfaceOrientationLandscapeRight";
				INFOPLIST_KEY_UISupportedInterfaceOrientations_iPhone = "UIInterfaceOrientationPortrait UIInterfaceOrientationLandscapeLeft UIInterfaceOrientationLandscapeRight";
				LD_RUNPATH_SEARCH_PATHS = (
					"$(inherited)",
					"@executable_path/Frameworks",
				);
				MARKETING_VERSION = 1.0;
				PRODUCT_BUNDLE_IDENTIFIER = "com.Karamjit.NewsApp-MVVM";
				PRODUCT_NAME = "$(TARGET_NAME)";
				SWIFT_EMIT_LOC_STRINGS = YES;
				SWIFT_VERSION = 5.0;
				TARGETED_DEVICE_FAMILY = "1,2";
			};
			name = Debug;
		};
		852CFAD8298A58B8006AF55E /* Release */ = {
			isa = XCBuildConfiguration;
			buildSettings = {
				ASSETCATALOG_COMPILER_APPICON_NAME = AppIcon;
				ASSETCATALOG_COMPILER_GLOBAL_ACCENT_COLOR_NAME = AccentColor;
				CODE_SIGN_STYLE = Automatic;
				CURRENT_PROJECT_VERSION = 1;
				DEVELOPMENT_ASSET_PATHS = "\"NewsApp-MVVM/Preview Content\"";
				DEVELOPMENT_TEAM = 853676N3N3;
				ENABLE_PREVIEWS = YES;
				GENERATE_INFOPLIST_FILE = YES;
				INFOPLIST_KEY_UIApplicationSceneManifest_Generation = YES;
				INFOPLIST_KEY_UIApplicationSupportsIndirectInputEvents = YES;
				INFOPLIST_KEY_UILaunchScreen_Generation = YES;
				INFOPLIST_KEY_UISupportedInterfaceOrientations_iPad = "UIInterfaceOrientationPortrait UIInterfaceOrientationPortraitUpsideDown UIInterfaceOrientationLandscapeLeft UIInterfaceOrientationLandscapeRight";
				INFOPLIST_KEY_UISupportedInterfaceOrientations_iPhone = "UIInterfaceOrientationPortrait UIInterfaceOrientationLandscapeLeft UIInterfaceOrientationLandscapeRight";
				LD_RUNPATH_SEARCH_PATHS = (
					"$(inherited)",
					"@executable_path/Frameworks",
				);
				MARKETING_VERSION = 1.0;
				PRODUCT_BUNDLE_IDENTIFIER = "com.Karamjit.NewsApp-MVVM";
				PRODUCT_NAME = "$(TARGET_NAME)";
				SWIFT_EMIT_LOC_STRINGS = YES;
				SWIFT_VERSION = 5.0;
				TARGETED_DEVICE_FAMILY = "1,2";
			};
			name = Release;
		};
		852CFADA298A58B8006AF55E /* Debug */ = {
			isa = XCBuildConfiguration;
			buildSettings = {
				ALWAYS_EMBED_SWIFT_STANDARD_LIBRARIES = YES;
				BUNDLE_LOADER = "$(TEST_HOST)";
				CODE_SIGN_STYLE = Automatic;
				CURRENT_PROJECT_VERSION = 1;
				DEVELOPMENT_TEAM = 853676N3N3;
				GENERATE_INFOPLIST_FILE = YES;
				IPHONEOS_DEPLOYMENT_TARGET = 16.2;
				MARKETING_VERSION = 1.0;
				PRODUCT_BUNDLE_IDENTIFIER = "com.Karamjit.NewsApp-MVVMTests";
				PRODUCT_NAME = "$(TARGET_NAME)";
				SWIFT_EMIT_LOC_STRINGS = NO;
				SWIFT_VERSION = 5.0;
				TARGETED_DEVICE_FAMILY = "1,2";
				TEST_HOST = "$(BUILT_PRODUCTS_DIR)/NewsApp-MVVM.app/$(BUNDLE_EXECUTABLE_FOLDER_PATH)/NewsApp-MVVM";
			};
			name = Debug;
		};
		852CFADB298A58B8006AF55E /* Release */ = {
			isa = XCBuildConfiguration;
			buildSettings = {
				ALWAYS_EMBED_SWIFT_STANDARD_LIBRARIES = YES;
				BUNDLE_LOADER = "$(TEST_HOST)";
				CODE_SIGN_STYLE = Automatic;
				CURRENT_PROJECT_VERSION = 1;
				DEVELOPMENT_TEAM = 853676N3N3;
				GENERATE_INFOPLIST_FILE = YES;
				IPHONEOS_DEPLOYMENT_TARGET = 16.2;
				MARKETING_VERSION = 1.0;
				PRODUCT_BUNDLE_IDENTIFIER = "com.Karamjit.NewsApp-MVVMTests";
				PRODUCT_NAME = "$(TARGET_NAME)";
				SWIFT_EMIT_LOC_STRINGS = NO;
				SWIFT_VERSION = 5.0;
				TARGETED_DEVICE_FAMILY = "1,2";
				TEST_HOST = "$(BUILT_PRODUCTS_DIR)/NewsApp-MVVM.app/$(BUNDLE_EXECUTABLE_FOLDER_PATH)/NewsApp-MVVM";
			};
			name = Release;
		};
		852CFADD298A58B8006AF55E /* Debug */ = {
			isa = XCBuildConfiguration;
			buildSettings = {
				ALWAYS_EMBED_SWIFT_STANDARD_LIBRARIES = YES;
				CODE_SIGN_STYLE = Automatic;
				CURRENT_PROJECT_VERSION = 1;
				DEVELOPMENT_TEAM = 853676N3N3;
				GENERATE_INFOPLIST_FILE = YES;
				MARKETING_VERSION = 1.0;
				PRODUCT_BUNDLE_IDENTIFIER = "com.Karamjit.NewsApp-MVVMUITests";
				PRODUCT_NAME = "$(TARGET_NAME)";
				SWIFT_EMIT_LOC_STRINGS = NO;
				SWIFT_VERSION = 5.0;
				TARGETED_DEVICE_FAMILY = "1,2";
				TEST_TARGET_NAME = "NewsApp-MVVM";
			};
			name = Debug;
		};
		852CFADE298A58B8006AF55E /* Release */ = {
			isa = XCBuildConfiguration;
			buildSettings = {
				ALWAYS_EMBED_SWIFT_STANDARD_LIBRARIES = YES;
				CODE_SIGN_STYLE = Automatic;
				CURRENT_PROJECT_VERSION = 1;
				DEVELOPMENT_TEAM = 853676N3N3;
				GENERATE_INFOPLIST_FILE = YES;
				MARKETING_VERSION = 1.0;
				PRODUCT_BUNDLE_IDENTIFIER = "com.Karamjit.NewsApp-MVVMUITests";
				PRODUCT_NAME = "$(TARGET_NAME)";
				SWIFT_EMIT_LOC_STRINGS = NO;
				SWIFT_VERSION = 5.0;
				TARGETED_DEVICE_FAMILY = "1,2";
				TEST_TARGET_NAME = "NewsApp-MVVM";
			};
			name = Release;
		};
/* End XCBuildConfiguration section */

/* Begin XCConfigurationList section */
		852CFAAD298A58B6006AF55E /* Build configuration list for PBXProject "NewsApp-MVVM" */ = {
			isa = XCConfigurationList;
			buildConfigurations = (
				852CFAD4298A58B8006AF55E /* Debug */,
				852CFAD5298A58B8006AF55E /* Release */,
			);
			defaultConfigurationIsVisible = 0;
			defaultConfigurationName = Release;
		};
		852CFAD6298A58B8006AF55E /* Build configuration list for PBXNativeTarget "NewsApp-MVVM" */ = {
			isa = XCConfigurationList;
			buildConfigurations = (
				852CFAD7298A58B8006AF55E /* Debug */,
				852CFAD8298A58B8006AF55E /* Release */,
			);
			defaultConfigurationIsVisible = 0;
			defaultConfigurationName = Release;
		};
		852CFAD9298A58B8006AF55E /* Build configuration list for PBXNativeTarget "NewsApp-MVVMTests" */ = {
			isa = XCConfigurationList;
			buildConfigurations = (
				852CFADA298A58B8006AF55E /* Debug */,
				852CFADB298A58B8006AF55E /* Release */,
			);
			defaultConfigurationIsVisible = 0;
			defaultConfigurationName = Release;
		};
		852CFADC298A58B8006AF55E /* Build configuration list for PBXNativeTarget "NewsApp-MVVMUITests" */ = {
			isa = XCConfigurationList;
			buildConfigurations = (
				852CFADD298A58B8006AF55E /* Debug */,
				852CFADE298A58B8006AF55E /* Release */,
			);
			defaultConfigurationIsVisible = 0;
			defaultConfigurationName = Release;
		};
/* End XCConfigurationList section */
	};
	rootObject = 852CFAAA298A58B6006AF55E /* Project object */;
}
